
Microsoft Visual Studio Solution File, Format Version 12.00
Project("{FAE04EC0-301F-11D3-BF4B-00C04F79EFBC}") = "TopFive", "TopFive\TopFive.csproj", "{FE50D8B6-C854-41B6-BBF7-50AAB8AF3CED}"
EndProject
Project("{FAE04EC0-301F-11D3-BF4B-00C04F79EFBC}") = "TopFive.Tests", "TopFive.Tests\TopFive.Tests.csproj", "{A33EAACD-35CB-4442-9623-42FF01FFA32E}"
EndProject
Global
	GlobalSection(SolutionConfigurationPlatforms) = preSolution
		Debug|Any CPU = Debug|Any CPU
		Release|Any CPU = Release|Any CPU
	EndGlobalSection
	GlobalSection(ProjectConfigurationPlatforms) = postSolution
		{FE50D8B6-C854-41B6-BBF7-50AAB8AF3CED}.Debug|Any CPU.ActiveCfg = Debug|Any CPU
		{FE50D8B6-C854-41B6-BBF7-50AAB8AF3CED}.Debug|Any CPU.Build.0 = Debug|Any CPU
		{FE50D8B6-C854-41B6-BBF7-50AAB8AF3CED}.Release|Any CPU.ActiveCfg = Release|Any CPU
		{FE50D8B6-C854-41B6-BBF7-50AAB8AF3CED}.Release|Any CPU.Build.0 = Release|Any CPU
		{A33EAACD-35CB-4442-9623-42FF01FFA32E}.Debug|Any CPU.ActiveCfg = Debug|Any CPU
		{A33EAACD-35CB-4442-9623-42FF01FFA32E}.Debug|Any CPU.Build.0 = Debug|Any CPU
		{A33EAACD-35CB-4442-9623-42FF01FFA32E}.Release|Any CPU.ActiveCfg = Release|Any CPU
		{A33EAACD-35CB-4442-9623-42FF01FFA32E}.Release|Any CPU.Build.0 = Release|Any CPU
	EndGlobalSection
EndGlobal
